
Microsoft Visual Studio Solution File, Format Version 12.00
# Visual Studio 2013
VisualStudioVersion = 12.0.30501.0
MinimumVisualStudioVersion = 10.0.40219.1
Project("{FAE04EC0-301F-11D3-BF4B-00C04F79EFBC}") = "GoogleMapping", "GoogleMapping\GoogleMapping.csproj", "{AB63A18F-AC02-4E7E-8208-B749468A190D}"
EndProject
Project("{2150E333-8FDC-42A3-9474-1A3956D46DE8}") = "PublishScripts", "PublishScripts", "{1B9E04C7-59E6-484F-8D38-0F9BB613C284}"
	ProjectSection(SolutionItems) = preProject
		PublishScripts\AzureWebsitePublishModule.psm1 = PublishScripts\AzureWebsitePublishModule.psm1
		PublishScripts\Publish-WebApplicationWebsite.ps1 = PublishScripts\Publish-WebApplicationWebsite.ps1
	EndProjectSection
EndProject
Project("{2150E333-8FDC-42A3-9474-1A3956D46DE8}") = "Configurations", "Configurations", "{9957FEC2-BF06-4F65-9615-F33DA8AB2618}"
	ProjectSection(SolutionItems) = preProject
		PublishScripts\Configurations\GoogleMapping-WAWS-dev.json = PublishScripts\Configurations\GoogleMapping-WAWS-dev.json
	EndProjectSection
EndProject
Global
	GlobalSection(SolutionConfigurationPlatforms) = preSolution
		Debug|Any CPU = Debug|Any CPU
		Release|Any CPU = Release|Any CPU
	EndGlobalSection
	GlobalSection(ProjectConfigurationPlatforms) = postSolution
		{AB63A18F-AC02-4E7E-8208-B749468A190D}.Debug|Any CPU.ActiveCfg = Debug|Any CPU
		{AB63A18F-AC02-4E7E-8208-B749468A190D}.Debug|Any CPU.Build.0 = Debug|Any CPU
		{AB63A18F-AC02-4E7E-8208-B749468A190D}.Release|Any CPU.ActiveCfg = Release|Any CPU
		{AB63A18F-AC02-4E7E-8208-B749468A190D}.Release|Any CPU.Build.0 = Release|Any CPU
	EndGlobalSection
	GlobalSection(SolutionProperties) = preSolution
		HideSolutionNode = FALSE
	EndGlobalSection
	GlobalSection(NestedProjects) = preSolution
		{9957FEC2-BF06-4F65-9615-F33DA8AB2618} = {1B9E04C7-59E6-484F-8D38-0F9BB613C284}
	EndGlobalSection
EndGlobal
